
Microsoft Visual Studio Solution File, Format Version 12.00
# Visual Studio Version 17
VisualStudioVersion = 17.9.34728.123
MinimumVisualStudioVersion = 10.0.40219.1
Project("{FAE04EC0-301F-11D3-BF4B-00C04F79EFBC}") = "EmployeeRequestTrackerAppWithAPI", "EmployeeRequestTrackerAppWithAPI\EmployeeRequestTrackerAppWithAPI.csproj", "{633ED501-9F1A-4BDF-AE9B-104066E8C041}"
EndProject
Global
	GlobalSection(SolutionConfigurationPlatforms) = preSolution
		Debug|Any CPU = Debug|Any CPU
		Release|Any CPU = Release|Any CPU
	EndGlobalSection
	GlobalSection(ProjectConfigurationPlatforms) = postSolution
		{633ED501-9F1A-4BDF-AE9B-104066E8C041}.Debug|Any CPU.ActiveCfg = Debug|Any CPU
		{633ED501-9F1A-4BDF-AE9B-104066E8C041}.Debug|Any CPU.Build.0 = Debug|Any CPU
		{633ED501-9F1A-4BDF-AE9B-104066E8C041}.Release|Any CPU.ActiveCfg = Release|Any CPU
		{633ED501-9F1A-4BDF-AE9B-104066E8C041}.Release|Any CPU.Build.0 = Release|Any CPU
	EndGlobalSection
	GlobalSection(SolutionProperties) = preSolution
		HideSolutionNode = FALSE
	EndGlobalSection
	GlobalSection(ExtensibilityGlobals) = postSolution
		SolutionGuid = {9A25A1DF-D66E-4E2A-B5EC-DE84D8BC4607}
	EndGlobalSection
EndGlobal
